// !$*UTF8*$!
{
	archiveVersion = 1;
	classes = {
	};
	objectVersion = 48;
	objects = {

/* Begin PBXBuildFile section */
		174D623BBD6E085DE88693A7 /* Pods_EngineerSocialAppUITests.framework in Frameworks */ = {isa = PBXBuildFile; fileRef = 504AA9BA6F7519833D635012 /* Pods_EngineerSocialAppUITests.framework */; };
		94C4B730421C2E7F346BDDCE /* Pods_EngineerSocialAppTests.framework in Frameworks */ = {isa = PBXBuildFile; fileRef = EEC2985F702B283E404BE37D /* Pods_EngineerSocialAppTests.framework */; };
		B64BB0571FEFE4C2002DB6AE /* Profile.storyboard in Resources */ = {isa = PBXBuildFile; fileRef = B64BB0561FEFE4C2002DB6AE /* Profile.storyboard */; };
		B64BB0591FEFF849002DB6AE /* ProfileVC.swift in Sources */ = {isa = PBXBuildFile; fileRef = B64BB0581FEFF849002DB6AE /* ProfileVC.swift */; };
		B6F25CE21FEEA002007A4A6A /* AppDelegate.swift in Sources */ = {isa = PBXBuildFile; fileRef = B6F25CE11FEEA002007A4A6A /* AppDelegate.swift */; };
		B6F25CE71FEEA002007A4A6A /* Main.storyboard in Resources */ = {isa = PBXBuildFile; fileRef = B6F25CE51FEEA002007A4A6A /* Main.storyboard */; };
		B6F25CE91FEEA002007A4A6A /* Assets.xcassets in Resources */ = {isa = PBXBuildFile; fileRef = B6F25CE81FEEA002007A4A6A /* Assets.xcassets */; };
		B6F25CEC1FEEA002007A4A6A /* LaunchScreen.storyboard in Resources */ = {isa = PBXBuildFile; fileRef = B6F25CEA1FEEA002007A4A6A /* LaunchScreen.storyboard */; };
		B6F25CF71FEEA002007A4A6A /* EngineerSocialAppTests.swift in Sources */ = {isa = PBXBuildFile; fileRef = B6F25CF61FEEA002007A4A6A /* EngineerSocialAppTests.swift */; };
		B6F25D021FEEA002007A4A6A /* EngineerSocialAppUITests.swift in Sources */ = {isa = PBXBuildFile; fileRef = B6F25D011FEEA002007A4A6A /* EngineerSocialAppUITests.swift */; };
		B6F25D101FEEA3E0007A4A6A /* GoogleService-Info.plist in Resources */ = {isa = PBXBuildFile; fileRef = B6F25D0F1FEEA3E0007A4A6A /* GoogleService-Info.plist */; };
		B6F25D411FEEA4E3007A4A6A /* DataService.swift in Sources */ = {isa = PBXBuildFile; fileRef = B6F25D401FEEA4E3007A4A6A /* DataService.swift */; };
		B6F25D431FEEA4F0007A4A6A /* Constants.swift in Sources */ = {isa = PBXBuildFile; fileRef = B6F25D421FEEA4EF007A4A6A /* Constants.swift */; };
		B6F25D451FEEA5B5007A4A6A /* Post.swift in Sources */ = {isa = PBXBuildFile; fileRef = B6F25D441FEEA5B5007A4A6A /* Post.swift */; };
		B6F25D4C1FEEA5D1007A4A6A /* PostCell.swift in Sources */ = {isa = PBXBuildFile; fileRef = B6F25D461FEEA5CF007A4A6A /* PostCell.swift */; };
		B6F25D4D1FEEA5D1007A4A6A /* RoundBtn.swift in Sources */ = {isa = PBXBuildFile; fileRef = B6F25D471FEEA5CF007A4A6A /* RoundBtn.swift */; };
		B6F25D4E1FEEA5D1007A4A6A /* FancyView.swift in Sources */ = {isa = PBXBuildFile; fileRef = B6F25D481FEEA5D0007A4A6A /* FancyView.swift */; };
		B6F25D4F1FEEA5D1007A4A6A /* FancyField.swift in Sources */ = {isa = PBXBuildFile; fileRef = B6F25D491FEEA5D0007A4A6A /* FancyField.swift */; };
		B6F25D501FEEA5D1007A4A6A /* FancyBtn.swift in Sources */ = {isa = PBXBuildFile; fileRef = B6F25D4A1FEEA5D0007A4A6A /* FancyBtn.swift */; };
		B6F25D511FEEA5D1007A4A6A /* CircleView.swift in Sources */ = {isa = PBXBuildFile; fileRef = B6F25D4B1FEEA5D1007A4A6A /* CircleView.swift */; };
		B6F25D541FEEA5DA007A4A6A /* FeedVC.swift in Sources */ = {isa = PBXBuildFile; fileRef = B6F25D521FEEA5DA007A4A6A /* FeedVC.swift */; };
		B6F25D551FEEA5DA007A4A6A /* SignInVC.swift in Sources */ = {isa = PBXBuildFile; fileRef = B6F25D531FEEA5DA007A4A6A /* SignInVC.swift */; };
		B6F25D581FEEE36F007A4A6A /* Post.storyboard in Resources */ = {isa = PBXBuildFile; fileRef = B6F25D571FEEE36F007A4A6A /* Post.storyboard */; };
		B6F25D5A1FEF575E007A4A6A /* PostVC.swift in Sources */ = {isa = PBXBuildFile; fileRef = B6F25D591FEF575E007A4A6A /* PostVC.swift */; };
		E8D11CDF2A2641E6EDD2F76C /* Pods_EngineerSocialApp.framework in Frameworks */ = {isa = PBXBuildFile; fileRef = 3EE49FC36E95678BE601B5D4 /* Pods_EngineerSocialApp.framework */; };
/* End PBXBuildFile section */

/* Begin PBXContainerItemProxy section */
		B6F25CF31FEEA002007A4A6A /* PBXContainerItemProxy */ = {
			isa = PBXContainerItemProxy;
			containerPortal = B6F25CD61FEEA001007A4A6A /* Project object */;
			proxyType = 1;
			remoteGlobalIDString = B6F25CDD1FEEA002007A4A6A;
			remoteInfo = EngineerSocialApp;
		};
		B6F25CFE1FEEA002007A4A6A /* PBXContainerItemProxy */ = {
			isa = PBXContainerItemProxy;
			containerPortal = B6F25CD61FEEA001007A4A6A /* Project object */;
			proxyType = 1;
			remoteGlobalIDString = B6F25CDD1FEEA002007A4A6A;
			remoteInfo = EngineerSocialApp;
		};
/* End PBXContainerItemProxy section */

/* Begin PBXFileReference section */
		3EE49FC36E95678BE601B5D4 /* Pods_EngineerSocialApp.framework */ = {isa = PBXFileReference; explicitFileType = wrapper.framework; includeInIndex = 0; path = Pods_EngineerSocialApp.framework; sourceTree = BUILT_PRODUCTS_DIR; };
		43CEBD585CB0D4B325BEA2FD /* Pods-EngineerSocialAppUITests.release.xcconfig */ = {isa = PBXFileReference; includeInIndex = 1; lastKnownFileType = text.xcconfig; name = "Pods-EngineerSocialAppUITests.release.xcconfig"; path = "Pods/Target Support Files/Pods-EngineerSocialAppUITests/Pods-EngineerSocialAppUITests.release.xcconfig"; sourceTree = "<group>"; };
		4ADAB314A33B888630804324 /* Pods-EngineerSocialAppTests.release.xcconfig */ = {isa = PBXFileReference; includeInIndex = 1; lastKnownFileType = text.xcconfig; name = "Pods-EngineerSocialAppTests.release.xcconfig"; path = "Pods/Target Support Files/Pods-EngineerSocialAppTests/Pods-EngineerSocialAppTests.release.xcconfig"; sourceTree = "<group>"; };
		504AA9BA6F7519833D635012 /* Pods_EngineerSocialAppUITests.framework */ = {isa = PBXFileReference; explicitFileType = wrapper.framework; includeInIndex = 0; path = Pods_EngineerSocialAppUITests.framework; sourceTree = BUILT_PRODUCTS_DIR; };
		6BAE52C88881F145721C22EE /* Pods-EngineerSocialApp.debug.xcconfig */ = {isa = PBXFileReference; includeInIndex = 1; lastKnownFileType = text.xcconfig; name = "Pods-EngineerSocialApp.debug.xcconfig"; path = "Pods/Target Support Files/Pods-EngineerSocialApp/Pods-EngineerSocialApp.debug.xcconfig"; sourceTree = "<group>"; };
		6D804D67BED748C0EB6F0068 /* Pods-EngineerSocialApp.release.xcconfig */ = {isa = PBXFileReference; includeInIndex = 1; lastKnownFileType = text.xcconfig; name = "Pods-EngineerSocialApp.release.xcconfig"; path = "Pods/Target Support Files/Pods-EngineerSocialApp/Pods-EngineerSocialApp.release.xcconfig"; sourceTree = "<group>"; };
		806F4AC2AEC3242F8DA56A00 /* Pods-EngineerSocialAppUITests.debug.xcconfig */ = {isa = PBXFileReference; includeInIndex = 1; lastKnownFileType = text.xcconfig; name = "Pods-EngineerSocialAppUITests.debug.xcconfig"; path = "Pods/Target Support Files/Pods-EngineerSocialAppUITests/Pods-EngineerSocialAppUITests.debug.xcconfig"; sourceTree = "<group>"; };
		B64BB0561FEFE4C2002DB6AE /* Profile.storyboard */ = {isa = PBXFileReference; lastKnownFileType = file.storyboard; path = Profile.storyboard; sourceTree = "<group>"; };
		B64BB0581FEFF849002DB6AE /* ProfileVC.swift */ = {isa = PBXFileReference; lastKnownFileType = sourcecode.swift; path = ProfileVC.swift; sourceTree = "<group>"; };
		B6F25CDE1FEEA002007A4A6A /* EngineerSocialApp.app */ = {isa = PBXFileReference; explicitFileType = wrapper.application; includeInIndex = 0; path = EngineerSocialApp.app; sourceTree = BUILT_PRODUCTS_DIR; };
		B6F25CE11FEEA002007A4A6A /* AppDelegate.swift */ = {isa = PBXFileReference; lastKnownFileType = sourcecode.swift; path = AppDelegate.swift; sourceTree = "<group>"; };
		B6F25CE61FEEA002007A4A6A /* Base */ = {isa = PBXFileReference; lastKnownFileType = file.storyboard; name = Base; path = Base.lproj/Main.storyboard; sourceTree = "<group>"; };
		B6F25CE81FEEA002007A4A6A /* Assets.xcassets */ = {isa = PBXFileReference; lastKnownFileType = folder.assetcatalog; path = Assets.xcassets; sourceTree = "<group>"; };
		B6F25CEB1FEEA002007A4A6A /* Base */ = {isa = PBXFileReference; lastKnownFileType = file.storyboard; name = Base; path = Base.lproj/LaunchScreen.storyboard; sourceTree = "<group>"; };
		B6F25CED1FEEA002007A4A6A /* Info.plist */ = {isa = PBXFileReference; lastKnownFileType = text.plist.xml; path = Info.plist; sourceTree = "<group>"; };
		B6F25CF21FEEA002007A4A6A /* EngineerSocialAppTests.xctest */ = {isa = PBXFileReference; explicitFileType = wrapper.cfbundle; includeInIndex = 0; path = EngineerSocialAppTests.xctest; sourceTree = BUILT_PRODUCTS_DIR; };
		B6F25CF61FEEA002007A4A6A /* EngineerSocialAppTests.swift */ = {isa = PBXFileReference; lastKnownFileType = sourcecode.swift; path = EngineerSocialAppTests.swift; sourceTree = "<group>"; };
		B6F25CF81FEEA002007A4A6A /* Info.plist */ = {isa = PBXFileReference; lastKnownFileType = text.plist.xml; path = Info.plist; sourceTree = "<group>"; };
		B6F25CFD1FEEA002007A4A6A /* EngineerSocialAppUITests.xctest */ = {isa = PBXFileReference; explicitFileType = wrapper.cfbundle; includeInIndex = 0; path = EngineerSocialAppUITests.xctest; sourceTree = BUILT_PRODUCTS_DIR; };
		B6F25D011FEEA002007A4A6A /* EngineerSocialAppUITests.swift */ = {isa = PBXFileReference; lastKnownFileType = sourcecode.swift; path = EngineerSocialAppUITests.swift; sourceTree = "<group>"; };
		B6F25D031FEEA002007A4A6A /* Info.plist */ = {isa = PBXFileReference; lastKnownFileType = text.plist.xml; path = Info.plist; sourceTree = "<group>"; };
		B6F25D0F1FEEA3E0007A4A6A /* GoogleService-Info.plist */ = {isa = PBXFileReference; fileEncoding = 4; lastKnownFileType = text.plist.xml; path = "GoogleService-Info.plist"; sourceTree = "<group>"; };
		B6F25D401FEEA4E3007A4A6A /* DataService.swift */ = {isa = PBXFileReference; fileEncoding = 4; lastKnownFileType = sourcecode.swift; path = DataService.swift; sourceTree = "<group>"; };
		B6F25D421FEEA4EF007A4A6A /* Constants.swift */ = {isa = PBXFileReference; fileEncoding = 4; lastKnownFileType = sourcecode.swift; path = Constants.swift; sourceTree = "<group>"; };
		B6F25D441FEEA5B5007A4A6A /* Post.swift */ = {isa = PBXFileReference; fileEncoding = 4; lastKnownFileType = sourcecode.swift; path = Post.swift; sourceTree = "<group>"; };
		B6F25D461FEEA5CF007A4A6A /* PostCell.swift */ = {isa = PBXFileReference; fileEncoding = 4; lastKnownFileType = sourcecode.swift; path = PostCell.swift; sourceTree = "<group>"; };
		B6F25D471FEEA5CF007A4A6A /* RoundBtn.swift */ = {isa = PBXFileReference; fileEncoding = 4; lastKnownFileType = sourcecode.swift; path = RoundBtn.swift; sourceTree = "<group>"; };
		B6F25D481FEEA5D0007A4A6A /* FancyView.swift */ = {isa = PBXFileReference; fileEncoding = 4; lastKnownFileType = sourcecode.swift; path = FancyView.swift; sourceTree = "<group>"; };
		B6F25D491FEEA5D0007A4A6A /* FancyField.swift */ = {isa = PBXFileReference; fileEncoding = 4; lastKnownFileType = sourcecode.swift; path = FancyField.swift; sourceTree = "<group>"; };
		B6F25D4A1FEEA5D0007A4A6A /* FancyBtn.swift */ = {isa = PBXFileReference; fileEncoding = 4; lastKnownFileType = sourcecode.swift; path = FancyBtn.swift; sourceTree = "<group>"; };
		B6F25D4B1FEEA5D1007A4A6A /* CircleView.swift */ = {isa = PBXFileReference; fileEncoding = 4; lastKnownFileType = sourcecode.swift; path = CircleView.swift; sourceTree = "<group>"; };
		B6F25D521FEEA5DA007A4A6A /* FeedVC.swift */ = {isa = PBXFileReference; fileEncoding = 4; lastKnownFileType = sourcecode.swift; path = FeedVC.swift; sourceTree = "<group>"; };
		B6F25D531FEEA5DA007A4A6A /* SignInVC.swift */ = {isa = PBXFileReference; fileEncoding = 4; lastKnownFileType = sourcecode.swift; path = SignInVC.swift; sourceTree = "<group>"; };
		B6F25D561FEEBCD5007A4A6A /* EngineerSocialApp.entitlements */ = {isa = PBXFileReference; lastKnownFileType = text.plist.entitlements; path = EngineerSocialApp.entitlements; sourceTree = "<group>"; };
		B6F25D571FEEE36F007A4A6A /* Post.storyboard */ = {isa = PBXFileReference; lastKnownFileType = file.storyboard; path = Post.storyboard; sourceTree = "<group>"; };
		B6F25D591FEF575E007A4A6A /* PostVC.swift */ = {isa = PBXFileReference; lastKnownFileType = sourcecode.swift; path = PostVC.swift; sourceTree = "<group>"; };
		CA38BEFBAFB7DC0D41CD40A1 /* Pods-EngineerSocialAppTests.debug.xcconfig */ = {isa = PBXFileReference; includeInIndex = 1; lastKnownFileType = text.xcconfig; name = "Pods-EngineerSocialAppTests.debug.xcconfig"; path = "Pods/Target Support Files/Pods-EngineerSocialAppTests/Pods-EngineerSocialAppTests.debug.xcconfig"; sourceTree = "<group>"; };
		EEC2985F702B283E404BE37D /* Pods_EngineerSocialAppTests.framework */ = {isa = PBXFileReference; explicitFileType = wrapper.framework; includeInIndex = 0; path = Pods_EngineerSocialAppTests.framework; sourceTree = BUILT_PRODUCTS_DIR; };
/* End PBXFileReference section */

/* Begin PBXFrameworksBuildPhase section */
		B6F25CDB1FEEA002007A4A6A /* Frameworks */ = {
			isa = PBXFrameworksBuildPhase;
			buildActionMask = 2147483647;
			files = (
				E8D11CDF2A2641E6EDD2F76C /* Pods_EngineerSocialApp.framework in Frameworks */,
			);
			runOnlyForDeploymentPostprocessing = 0;
		};
		B6F25CEF1FEEA002007A4A6A /* Frameworks */ = {
			isa = PBXFrameworksBuildPhase;
			buildActionMask = 2147483647;
			files = (
				94C4B730421C2E7F346BDDCE /* Pods_EngineerSocialAppTests.framework in Frameworks */,
			);
			runOnlyForDeploymentPostprocessing = 0;
		};
		B6F25CFA1FEEA002007A4A6A /* Frameworks */ = {
			isa = PBXFrameworksBuildPhase;
			buildActionMask = 2147483647;
			files = (
				174D623BBD6E085DE88693A7 /* Pods_EngineerSocialAppUITests.framework in Frameworks */,
			);
			runOnlyForDeploymentPostprocessing = 0;
		};
/* End PBXFrameworksBuildPhase section */

/* Begin PBXGroup section */
		4624E40E8069386307FA6CEB /* Pods */ = {
			isa = PBXGroup;
			children = (
				6BAE52C88881F145721C22EE /* Pods-EngineerSocialApp.debug.xcconfig */,
				6D804D67BED748C0EB6F0068 /* Pods-EngineerSocialApp.release.xcconfig */,
				CA38BEFBAFB7DC0D41CD40A1 /* Pods-EngineerSocialAppTests.debug.xcconfig */,
				4ADAB314A33B888630804324 /* Pods-EngineerSocialAppTests.release.xcconfig */,
				806F4AC2AEC3242F8DA56A00 /* Pods-EngineerSocialAppUITests.debug.xcconfig */,
				43CEBD585CB0D4B325BEA2FD /* Pods-EngineerSocialAppUITests.release.xcconfig */,
			);
			name = Pods;
			sourceTree = "<group>";
		};
		93142AC3BED8E2EDA75E6C75 /* Frameworks */ = {
			isa = PBXGroup;
			children = (
				3EE49FC36E95678BE601B5D4 /* Pods_EngineerSocialApp.framework */,
				EEC2985F702B283E404BE37D /* Pods_EngineerSocialAppTests.framework */,
				504AA9BA6F7519833D635012 /* Pods_EngineerSocialAppUITests.framework */,
			);
			name = Frameworks;
			sourceTree = "<group>";
		};
		B6F25CD51FEEA001007A4A6A = {
			isa = PBXGroup;
			children = (
				B6F25CE01FEEA002007A4A6A /* EngineerSocialApp */,
				B6F25CF51FEEA002007A4A6A /* EngineerSocialAppTests */,
				B6F25D001FEEA002007A4A6A /* EngineerSocialAppUITests */,
				B6F25CDF1FEEA002007A4A6A /* Products */,
				4624E40E8069386307FA6CEB /* Pods */,
				93142AC3BED8E2EDA75E6C75 /* Frameworks */,
			);
			sourceTree = "<group>";
		};
		B6F25CDF1FEEA002007A4A6A /* Products */ = {
			isa = PBXGroup;
			children = (
				B6F25CDE1FEEA002007A4A6A /* EngineerSocialApp.app */,
				B6F25CF21FEEA002007A4A6A /* EngineerSocialAppTests.xctest */,
				B6F25CFD1FEEA002007A4A6A /* EngineerSocialAppUITests.xctest */,
			);
			name = Products;
			sourceTree = "<group>";
		};
		B6F25CE01FEEA002007A4A6A /* EngineerSocialApp */ = {
			isa = PBXGroup;
			children = (
				B6F25D561FEEBCD5007A4A6A /* EngineerSocialApp.entitlements */,
				B6F25D3F1FEEA4C0007A4A6A /* Services */,
				B6F25D3E1FEEA4BE007A4A6A /* Util */,
				B6F25D3D1FEEA4BD007A4A6A /* Model */,
				B6F25D3C1FEEA4BB007A4A6A /* View */,
				B6F25D3B1FEEA4B8007A4A6A /* Controller */,
				B6F25CE11FEEA002007A4A6A /* AppDelegate.swift */,
				B6F25CE81FEEA002007A4A6A /* Assets.xcassets */,
				B6F25CEA1FEEA002007A4A6A /* LaunchScreen.storyboard */,
				B6F25CED1FEEA002007A4A6A /* Info.plist */,
				B6F25D0F1FEEA3E0007A4A6A /* GoogleService-Info.plist */,
			);
			path = EngineerSocialApp;
			sourceTree = "<group>";
		};
		B6F25CF51FEEA002007A4A6A /* EngineerSocialAppTests */ = {
			isa = PBXGroup;
			children = (
				B6F25CF61FEEA002007A4A6A /* EngineerSocialAppTests.swift */,
				B6F25CF81FEEA002007A4A6A /* Info.plist */,
			);
			path = EngineerSocialAppTests;
			sourceTree = "<group>";
		};
		B6F25D001FEEA002007A4A6A /* EngineerSocialAppUITests */ = {
			isa = PBXGroup;
			children = (
				B6F25D011FEEA002007A4A6A /* EngineerSocialAppUITests.swift */,
				B6F25D031FEEA002007A4A6A /* Info.plist */,
			);
			path = EngineerSocialAppUITests;
			sourceTree = "<group>";
		};
		B6F25D3B1FEEA4B8007A4A6A /* Controller */ = {
			isa = PBXGroup;
			children = (
				B6F25D531FEEA5DA007A4A6A /* SignInVC.swift */,
				B6F25D521FEEA5DA007A4A6A /* FeedVC.swift */,
				B6F25D591FEF575E007A4A6A /* PostVC.swift */,
				B64BB0581FEFF849002DB6AE /* ProfileVC.swift */,
			);
			path = Controller;
			sourceTree = "<group>";
		};
		B6F25D3C1FEEA4BB007A4A6A /* View */ = {
			isa = PBXGroup;
			children = (
				B6F25D481FEEA5D0007A4A6A /* FancyView.swift */,
				B6F25D471FEEA5CF007A4A6A /* RoundBtn.swift */,
				B6F25D491FEEA5D0007A4A6A /* FancyField.swift */,
				B6F25D4A1FEEA5D0007A4A6A /* FancyBtn.swift */,
				B6F25D4B1FEEA5D1007A4A6A /* CircleView.swift */,
				B6F25D461FEEA5CF007A4A6A /* PostCell.swift */,
				B6F25CE51FEEA002007A4A6A /* Main.storyboard */,
				B6F25D571FEEE36F007A4A6A /* Post.storyboard */,
				B64BB0561FEFE4C2002DB6AE /* Profile.storyboard */,
			);
			path = View;
			sourceTree = "<group>";
		};
		B6F25D3D1FEEA4BD007A4A6A /* Model */ = {
			isa = PBXGroup;
			children = (
				B6F25D441FEEA5B5007A4A6A /* Post.swift */,
			);
			path = Model;
			sourceTree = "<group>";
		};
		B6F25D3E1FEEA4BE007A4A6A /* Util */ = {
			isa = PBXGroup;
			children = (
				B6F25D421FEEA4EF007A4A6A /* Constants.swift */,
			);
			path = Util;
			sourceTree = "<group>";
		};
		B6F25D3F1FEEA4C0007A4A6A /* Services */ = {
			isa = PBXGroup;
			children = (
				B6F25D401FEEA4E3007A4A6A /* DataService.swift */,
			);
			path = Services;
			sourceTree = "<group>";
		};
/* End PBXGroup section */

/* Begin PBXNativeTarget section */
		B6F25CDD1FEEA002007A4A6A /* EngineerSocialApp */ = {
			isa = PBXNativeTarget;
			buildConfigurationList = B6F25D061FEEA002007A4A6A /* Build configuration list for PBXNativeTarget "EngineerSocialApp" */;
			buildPhases = (
				6ED111E21F5C9A145F8427F5 /* [CP] Check Pods Manifest.lock */,
				B6F25CDA1FEEA002007A4A6A /* Sources */,
				B6F25CDB1FEEA002007A4A6A /* Frameworks */,
				B6F25CDC1FEEA002007A4A6A /* Resources */,
				EE523131AF213F167D8CBFF2 /* [CP] Embed Pods Frameworks */,
				6940791334163AB4462F297A /* [CP] Copy Pods Resources */,
			);
			buildRules = (
			);
			dependencies = (
			);
			name = EngineerSocialApp;
			productName = EngineerSocialApp;
			productReference = B6F25CDE1FEEA002007A4A6A /* EngineerSocialApp.app */;
			productType = "com.apple.product-type.application";
		};
		B6F25CF11FEEA002007A4A6A /* EngineerSocialAppTests */ = {
			isa = PBXNativeTarget;
			buildConfigurationList = B6F25D091FEEA002007A4A6A /* Build configuration list for PBXNativeTarget "EngineerSocialAppTests" */;
			buildPhases = (
				04BDF25F8EE4593333E974EB /* [CP] Check Pods Manifest.lock */,
				B6F25CEE1FEEA002007A4A6A /* Sources */,
				B6F25CEF1FEEA002007A4A6A /* Frameworks */,
				B6F25CF01FEEA002007A4A6A /* Resources */,
				DA4CA19794B74F83874F1ABD /* [CP] Embed Pods Frameworks */,
				3A5A14BE084B08DEEDA4C0F6 /* [CP] Copy Pods Resources */,
			);
			buildRules = (
			);
			dependencies = (
				B6F25CF41FEEA002007A4A6A /* PBXTargetDependency */,
			);
			name = EngineerSocialAppTests;
			productName = EngineerSocialAppTests;
			productReference = B6F25CF21FEEA002007A4A6A /* EngineerSocialAppTests.xctest */;
			productType = "com.apple.product-type.bundle.unit-test";
		};
		B6F25CFC1FEEA002007A4A6A /* EngineerSocialAppUITests */ = {
			isa = PBXNativeTarget;
			buildConfigurationList = B6F25D0C1FEEA002007A4A6A /* Build configuration list for PBXNativeTarget "EngineerSocialAppUITests" */;
			buildPhases = (
				0143A7444AEEC83A63906A6D /* [CP] Check Pods Manifest.lock */,
				B6F25CF91FEEA002007A4A6A /* Sources */,
				B6F25CFA1FEEA002007A4A6A /* Frameworks */,
				B6F25CFB1FEEA002007A4A6A /* Resources */,
				890B80A97043470309248F6C /* [CP] Embed Pods Frameworks */,
				F74607948E19AE8A585AEC2D /* [CP] Copy Pods Resources */,
			);
			buildRules = (
			);
			dependencies = (
				B6F25CFF1FEEA002007A4A6A /* PBXTargetDependency */,
			);
			name = EngineerSocialAppUITests;
			productName = EngineerSocialAppUITests;
			productReference = B6F25CFD1FEEA002007A4A6A /* EngineerSocialAppUITests.xctest */;
			productType = "com.apple.product-type.bundle.ui-testing";
		};
/* End PBXNativeTarget section */

/* Begin PBXProject section */
		B6F25CD61FEEA001007A4A6A /* Project object */ = {
			isa = PBXProject;
			attributes = {
				LastSwiftUpdateCheck = 0910;
				LastUpgradeCheck = 0910;
				TargetAttributes = {
					B6F25CDD1FEEA002007A4A6A = {
						CreatedOnToolsVersion = 9.1;
						ProvisioningStyle = Automatic;
						SystemCapabilities = {
							com.apple.Keychain = {
								enabled = 0;
							};
						};
					};
					B6F25CF11FEEA002007A4A6A = {
						CreatedOnToolsVersion = 9.1;
						ProvisioningStyle = Automatic;
						TestTargetID = B6F25CDD1FEEA002007A4A6A;
					};
					B6F25CFC1FEEA002007A4A6A = {
						CreatedOnToolsVersion = 9.1;
						ProvisioningStyle = Automatic;
						TestTargetID = B6F25CDD1FEEA002007A4A6A;
					};
				};
			};
			buildConfigurationList = B6F25CD91FEEA001007A4A6A /* Build configuration list for PBXProject "EngineerSocialApp" */;
			compatibilityVersion = "Xcode 8.0";
			developmentRegion = en;
			hasScannedForEncodings = 0;
			knownRegions = (
				en,
				Base,
			);
			mainGroup = B6F25CD51FEEA001007A4A6A;
			productRefGroup = B6F25CDF1FEEA002007A4A6A /* Products */;
			projectDirPath = "";
			projectRoot = "";
			targets = (
				B6F25CDD1FEEA002007A4A6A /* EngineerSocialApp */,
				B6F25CF11FEEA002007A4A6A /* EngineerSocialAppTests */,
				B6F25CFC1FEEA002007A4A6A /* EngineerSocialAppUITests */,
			);
		};
/* End PBXProject section */

/* Begin PBXResourcesBuildPhase section */
		B6F25CDC1FEEA002007A4A6A /* Resources */ = {
			isa = PBXResourcesBuildPhase;
			buildActionMask = 2147483647;
			files = (
				B64BB0571FEFE4C2002DB6AE /* Profile.storyboard in Resources */,
				B6F25D101FEEA3E0007A4A6A /* GoogleService-Info.plist in Resources */,
				B6F25CEC1FEEA002007A4A6A /* LaunchScreen.storyboard in Resources */,
				B6F25CE91FEEA002007A4A6A /* Assets.xcassets in Resources */,
				B6F25D581FEEE36F007A4A6A /* Post.storyboard in Resources */,
				B6F25CE71FEEA002007A4A6A /* Main.storyboard in Resources */,
			);
			runOnlyForDeploymentPostprocessing = 0;
		};
		B6F25CF01FEEA002007A4A6A /* Resources */ = {
			isa = PBXResourcesBuildPhase;
			buildActionMask = 2147483647;
			files = (
			);
			runOnlyForDeploymentPostprocessing = 0;
		};
		B6F25CFB1FEEA002007A4A6A /* Resources */ = {
			isa = PBXResourcesBuildPhase;
			buildActionMask = 2147483647;
			files = (
			);
			runOnlyForDeploymentPostprocessing = 0;
		};
/* End PBXResourcesBuildPhase section */

/* Begin PBXShellScriptBuildPhase section */
		0143A7444AEEC83A63906A6D /* [CP] Check Pods Manifest.lock */ = {
			isa = PBXShellScriptBuildPhase;
			buildActionMask = 2147483647;
			files = (
			);
			inputPaths = (
			);
			name = "[CP] Check Pods Manifest.lock";
			outputPaths = (
			);
			runOnlyForDeploymentPostprocessing = 0;
			shellPath = /bin/sh;
			shellScript = "diff \"${PODS_PODFILE_DIR_PATH}/Podfile.lock\" \"${PODS_ROOT}/Manifest.lock\" > /dev/null\nif [ $? != 0 ] ; then\n    # print error to STDERR\n    echo \"error: The sandbox is not in sync with the Podfile.lock. Run 'pod install' or update your CocoaPods installation.\" >&2\n    exit 1\nfi\n";
			showEnvVarsInLog = 0;
		};
		04BDF25F8EE4593333E974EB /* [CP] Check Pods Manifest.lock */ = {
			isa = PBXShellScriptBuildPhase;
			buildActionMask = 2147483647;
			files = (
			);
			inputPaths = (
			);
			name = "[CP] Check Pods Manifest.lock";
			outputPaths = (
			);
			runOnlyForDeploymentPostprocessing = 0;
			shellPath = /bin/sh;
			shellScript = "diff \"${PODS_PODFILE_DIR_PATH}/Podfile.lock\" \"${PODS_ROOT}/Manifest.lock\" > /dev/null\nif [ $? != 0 ] ; then\n    # print error to STDERR\n    echo \"error: The sandbox is not in sync with the Podfile.lock. Run 'pod install' or update your CocoaPods installation.\" >&2\n    exit 1\nfi\n";
			showEnvVarsInLog = 0;
		};
		3A5A14BE084B08DEEDA4C0F6 /* [CP] Copy Pods Resources */ = {
			isa = PBXShellScriptBuildPhase;
			buildActionMask = 2147483647;
			files = (
			);
			inputPaths = (
			);
			name = "[CP] Copy Pods Resources";
			outputPaths = (
			);
			runOnlyForDeploymentPostprocessing = 0;
			shellPath = /bin/sh;
			shellScript = "\"${SRCROOT}/Pods/Target Support Files/Pods-EngineerSocialAppTests/Pods-EngineerSocialAppTests-resources.sh\"\n";
			showEnvVarsInLog = 0;
		};
		6940791334163AB4462F297A /* [CP] Copy Pods Resources */ = {
			isa = PBXShellScriptBuildPhase;
			buildActionMask = 2147483647;
			files = (
			);
			inputPaths = (
			);
			name = "[CP] Copy Pods Resources";
			outputPaths = (
			);
			runOnlyForDeploymentPostprocessing = 0;
			shellPath = /bin/sh;
			shellScript = "\"${SRCROOT}/Pods/Target Support Files/Pods-EngineerSocialApp/Pods-EngineerSocialApp-resources.sh\"\n";
			showEnvVarsInLog = 0;
		};
		6ED111E21F5C9A145F8427F5 /* [CP] Check Pods Manifest.lock */ = {
			isa = PBXShellScriptBuildPhase;
			buildActionMask = 2147483647;
			files = (
			);
			inputPaths = (
			);
			name = "[CP] Check Pods Manifest.lock";
			outputPaths = (
			);
			runOnlyForDeploymentPostprocessing = 0;
			shellPath = /bin/sh;
			shellScript = "diff \"${PODS_PODFILE_DIR_PATH}/Podfile.lock\" \"${PODS_ROOT}/Manifest.lock\" > /dev/null\nif [ $? != 0 ] ; then\n    # print error to STDERR\n    echo \"error: The sandbox is not in sync with the Podfile.lock. Run 'pod install' or update your CocoaPods installation.\" >&2\n    exit 1\nfi\n";
			showEnvVarsInLog = 0;
		};
		890B80A97043470309248F6C /* [CP] Embed Pods Frameworks */ = {
			isa = PBXShellScriptBuildPhase;
			buildActionMask = 2147483647;
			files = (
			);
			inputPaths = (
			);
			name = "[CP] Embed Pods Frameworks";
			outputPaths = (
			);
			runOnlyForDeploymentPostprocessing = 0;
			shellPath = /bin/sh;
			shellScript = "\"${SRCROOT}/Pods/Target Support Files/Pods-EngineerSocialAppUITests/Pods-EngineerSocialAppUITests-frameworks.sh\"\n";
			showEnvVarsInLog = 0;
		};
		DA4CA19794B74F83874F1ABD /* [CP] Embed Pods Frameworks */ = {
			isa = PBXShellScriptBuildPhase;
			buildActionMask = 2147483647;
			files = (
			);
			inputPaths = (
			);
			name = "[CP] Embed Pods Frameworks";
			outputPaths = (
			);
			runOnlyForDeploymentPostprocessing = 0;
			shellPath = /bin/sh;
			shellScript = "\"${SRCROOT}/Pods/Target Support Files/Pods-EngineerSocialAppTests/Pods-EngineerSocialAppTests-frameworks.sh\"\n";
			showEnvVarsInLog = 0;
		};
		EE523131AF213F167D8CBFF2 /* [CP] Embed Pods Frameworks */ = {
			isa = PBXShellScriptBuildPhase;
			buildActionMask = 2147483647;
			files = (
			);
			inputPaths = (
			);
			name = "[CP] Embed Pods Frameworks";
			outputPaths = (
			);
			runOnlyForDeploymentPostprocessing = 0;
			shellPath = /bin/sh;
			shellScript = "\"${SRCROOT}/Pods/Target Support Files/Pods-EngineerSocialApp/Pods-EngineerSocialApp-frameworks.sh\"\n";
			showEnvVarsInLog = 0;
		};
		F74607948E19AE8A585AEC2D /* [CP] Copy Pods Resources */ = {
			isa = PBXShellScriptBuildPhase;
			buildActionMask = 2147483647;
			files = (
			);
			inputPaths = (
			);
			name = "[CP] Copy Pods Resources";
			outputPaths = (
			);
			runOnlyForDeploymentPostprocessing = 0;
			shellPath = /bin/sh;
			shellScript = "\"${SRCROOT}/Pods/Target Support Files/Pods-EngineerSocialAppUITests/Pods-EngineerSocialAppUITests-resources.sh\"\n";
			showEnvVarsInLog = 0;
		};
/* End PBXShellScriptBuildPhase section */

/* Begin PBXSourcesBuildPhase section */
		B6F25CDA1FEEA002007A4A6A /* Sources */ = {
			isa = PBXSourcesBuildPhase;
			buildActionMask = 2147483647;
			files = (
				B6F25D5A1FEF575E007A4A6A /* PostVC.swift in Sources */,
				B6F25D541FEEA5DA007A4A6A /* FeedVC.swift in Sources */,
				B64BB0591FEFF849002DB6AE /* ProfileVC.swift in Sources */,
				B6F25D501FEEA5D1007A4A6A /* FancyBtn.swift in Sources */,
				B6F25D4F1FEEA5D1007A4A6A /* FancyField.swift in Sources */,
				B6F25D411FEEA4E3007A4A6A /* DataService.swift in Sources */,
				B6F25D4D1FEEA5D1007A4A6A /* RoundBtn.swift in Sources */,
				B6F25D551FEEA5DA007A4A6A /* SignInVC.swift in Sources */,
				B6F25CE21FEEA002007A4A6A /* AppDelegate.swift in Sources */,
				B6F25D511FEEA5D1007A4A6A /* CircleView.swift in Sources */,
				B6F25D431FEEA4F0007A4A6A /* Constants.swift in Sources */,
				B6F25D451FEEA5B5007A4A6A /* Post.swift in Sources */,
				B6F25D4E1FEEA5D1007A4A6A /* FancyView.swift in Sources */,
				B6F25D4C1FEEA5D1007A4A6A /* PostCell.swift in Sources */,
			);
			runOnlyForDeploymentPostprocessing = 0;
		};
		B6F25CEE1FEEA002007A4A6A /* Sources */ = {
			isa = PBXSourcesBuildPhase;
			buildActionMask = 2147483647;
			files = (
				B6F25CF71FEEA002007A4A6A /* EngineerSocialAppTests.swift in Sources */,
			);
			runOnlyForDeploymentPostprocessing = 0;
		};
		B6F25CF91FEEA002007A4A6A /* Sources */ = {
			isa = PBXSourcesBuildPhase;
			buildActionMask = 2147483647;
			files = (
				B6F25D021FEEA002007A4A6A /* EngineerSocialAppUITests.swift in Sources */,
			);
			runOnlyForDeploymentPostprocessing = 0;
		};
/* End PBXSourcesBuildPhase section */

/* Begin PBXTargetDependency section */
		B6F25CF41FEEA002007A4A6A /* PBXTargetDependency */ = {
			isa = PBXTargetDependency;
			target = B6F25CDD1FEEA002007A4A6A /* EngineerSocialApp */;
			targetProxy = B6F25CF31FEEA002007A4A6A /* PBXContainerItemProxy */;
		};
		B6F25CFF1FEEA002007A4A6A /* PBXTargetDependency */ = {
			isa = PBXTargetDependency;
			target = B6F25CDD1FEEA002007A4A6A /* EngineerSocialApp */;
			targetProxy = B6F25CFE1FEEA002007A4A6A /* PBXContainerItemProxy */;
		};
/* End PBXTargetDependency section */

/* Begin PBXVariantGroup section */
		B6F25CE51FEEA002007A4A6A /* Main.storyboard */ = {
			isa = PBXVariantGroup;
			children = (
				B6F25CE61FEEA002007A4A6A /* Base */,
			);
			name = Main.storyboard;
			sourceTree = "<group>";
		};
		B6F25CEA1FEEA002007A4A6A /* LaunchScreen.storyboard */ = {
			isa = PBXVariantGroup;
			children = (
				B6F25CEB1FEEA002007A4A6A /* Base */,
			);
			name = LaunchScreen.storyboard;
			sourceTree = "<group>";
		};
/* End PBXVariantGroup section */

/* Begin XCBuildConfiguration section */
		B6F25D041FEEA002007A4A6A /* Debug */ = {
			isa = XCBuildConfiguration;
			buildSettings = {
				ALWAYS_SEARCH_USER_PATHS = NO;
				CLANG_ANALYZER_NONNULL = YES;
				CLANG_ANALYZER_NUMBER_OBJECT_CONVERSION = YES_AGGRESSIVE;
				CLANG_CXX_LANGUAGE_STANDARD = "gnu++14";
				CLANG_CXX_LIBRARY = "libc++";
				CLANG_ENABLE_MODULES = YES;
				CLANG_ENABLE_OBJC_ARC = YES;
				CLANG_WARN_BLOCK_CAPTURE_AUTORELEASING = YES;
				CLANG_WARN_BOOL_CONVERSION = YES;
				CLANG_WARN_COMMA = YES;
				CLANG_WARN_CONSTANT_CONVERSION = YES;
				CLANG_WARN_DIRECT_OBJC_ISA_USAGE = YES_ERROR;
				CLANG_WARN_DOCUMENTATION_COMMENTS = YES;
				CLANG_WARN_EMPTY_BODY = YES;
				CLANG_WARN_ENUM_CONVERSION = YES;
				CLANG_WARN_INFINITE_RECURSION = YES;
				CLANG_WARN_INT_CONVERSION = YES;
				CLANG_WARN_NON_LITERAL_NULL_CONVERSION = YES;
				CLANG_WARN_OBJC_LITERAL_CONVERSION = YES;
				CLANG_WARN_OBJC_ROOT_CLASS = YES_ERROR;
				CLANG_WARN_RANGE_LOOP_ANALYSIS = YES;
				CLANG_WARN_STRICT_PROTOTYPES = YES;
				CLANG_WARN_SUSPICIOUS_MOVE = YES;
				CLANG_WARN_UNGUARDED_AVAILABILITY = YES_AGGRESSIVE;
				CLANG_WARN_UNREACHABLE_CODE = YES;
				CLANG_WARN__DUPLICATE_METHOD_MATCH = YES;
				CODE_SIGN_IDENTITY = "iPhone Developer";
				COPY_PHASE_STRIP = NO;
				DEBUG_INFORMATION_FORMAT = dwarf;
				ENABLE_STRICT_OBJC_MSGSEND = YES;
				ENABLE_TESTABILITY = YES;
				GCC_C_LANGUAGE_STANDARD = gnu11;
				GCC_DYNAMIC_NO_PIC = NO;
				GCC_NO_COMMON_BLOCKS = YES;
				GCC_OPTIMIZATION_LEVEL = 0;
				GCC_PREPROCESSOR_DEFINITIONS = (
					"DEBUG=1",
					"$(inherited)",
				);
				GCC_WARN_64_TO_32_BIT_CONVERSION = YES;
				GCC_WARN_ABOUT_RETURN_TYPE = YES_ERROR;
				GCC_WARN_UNDECLARED_SELECTOR = YES;
				GCC_WARN_UNINITIALIZED_AUTOS = YES_AGGRESSIVE;
				GCC_WARN_UNUSED_FUNCTION = YES;
				GCC_WARN_UNUSED_VARIABLE = YES;
				IPHONEOS_DEPLOYMENT_TARGET = 11.1;
				MTL_ENABLE_DEBUG_INFO = YES;
				ONLY_ACTIVE_ARCH = YES;
				SDKROOT = iphoneos;
				SWIFT_ACTIVE_COMPILATION_CONDITIONS = DEBUG;
				SWIFT_OPTIMIZATION_LEVEL = "-Onone";
			};
			name = Debug;
		};
		B6F25D051FEEA002007A4A6A /* Release */ = {
			isa = XCBuildConfiguration;
			buildSettings = {
				ALWAYS_SEARCH_USER_PATHS = NO;
				CLANG_ANALYZER_NONNULL = YES;
				CLANG_ANALYZER_NUMBER_OBJECT_CONVERSION = YES_AGGRESSIVE;
				CLANG_CXX_LANGUAGE_STANDARD = "gnu++14";
				CLANG_CXX_LIBRARY = "libc++";
				CLANG_ENABLE_MODULES = YES;
				CLANG_ENABLE_OBJC_ARC = YES;
				CLANG_WARN_BLOCK_CAPTURE_AUTORELEASING = YES;
				CLANG_WARN_BOOL_CONVERSION = YES;
				CLANG_WARN_COMMA = YES;
				CLANG_WARN_CONSTANT_CONVERSION = YES;
				CLANG_WARN_DIRECT_OBJC_ISA_USAGE = YES_ERROR;
				CLANG_WARN_DOCUMENTATION_COMMENTS = YES;
				CLANG_WARN_EMPTY_BODY = YES;
				CLANG_WARN_ENUM_CONVERSION = YES;
				CLANG_WARN_INFINITE_RECURSION = YES;
				CLANG_WARN_INT_CONVERSION = YES;
				CLANG_WARN_NON_LITERAL_NULL_CONVERSION = YES;
				CLANG_WARN_OBJC_LITERAL_CONVERSION = YES;
				CLANG_WARN_OBJC_ROOT_CLASS = YES_ERROR;
				CLANG_WARN_RANGE_LOOP_ANALYSIS = YES;
				CLANG_WARN_STRICT_PROTOTYPES = YES;
				CLANG_WARN_SUSPICIOUS_MOVE = YES;
				CLANG_WARN_UNGUARDED_AVAILABILITY = YES_AGGRESSIVE;
				CLANG_WARN_UNREACHABLE_CODE = YES;
				CLANG_WARN__DUPLICATE_METHOD_MATCH = YES;
				CODE_SIGN_IDENTITY = "iPhone Developer";
				COPY_PHASE_STRIP = NO;
				DEBUG_INFORMATION_FORMAT = "dwarf-with-dsym";
				ENABLE_NS_ASSERTIONS = NO;
				ENABLE_STRICT_OBJC_MSGSEND = YES;
				GCC_C_LANGUAGE_STANDARD = gnu11;
				GCC_NO_COMMON_BLOCKS = YES;
				GCC_WARN_64_TO_32_BIT_CONVERSION = YES;
				GCC_WARN_ABOUT_RETURN_TYPE = YES_ERROR;
				GCC_WARN_UNDECLARED_SELECTOR = YES;
				GCC_WARN_UNINITIALIZED_AUTOS = YES_AGGRESSIVE;
				GCC_WARN_UNUSED_FUNCTION = YES;
				GCC_WARN_UNUSED_VARIABLE = YES;
				IPHONEOS_DEPLOYMENT_TARGET = 11.1;
				MTL_ENABLE_DEBUG_INFO = NO;
				SDKROOT = iphoneos;
				SWIFT_OPTIMIZATION_LEVEL = "-Owholemodule";
				VALIDATE_PRODUCT = YES;
			};
			name = Release;
		};
		B6F25D071FEEA002007A4A6A /* Debug */ = {
			isa = XCBuildConfiguration;
			baseConfigurationReference = 6BAE52C88881F145721C22EE /* Pods-EngineerSocialApp.debug.xcconfig */;
			buildSettings = {
				ASSETCATALOG_COMPILER_APPICON_NAME = AppIcon;
				CODE_SIGN_STYLE = Automatic;
				DEVELOPMENT_TEAM = EAZT2D654U;
				INFOPLIST_FILE = EngineerSocialApp/Info.plist;
				LD_RUNPATH_SEARCH_PATHS = "$(inherited) @executable_path/Frameworks";
				PRODUCT_BUNDLE_IDENTIFIER = com.yyokii.EngineerSocialApp;
				PRODUCT_NAME = "$(TARGET_NAME)";
				SWIFT_VERSION = 4.0;
				TARGETED_DEVICE_FAMILY = "1,2";
			};
			name = Debug;
		};
		B6F25D081FEEA002007A4A6A /* Release */ = {
			isa = XCBuildConfiguration;
			baseConfigurationReference = 6D804D67BED748C0EB6F0068 /* Pods-EngineerSocialApp.release.xcconfig */;
			buildSettings = {
				ASSETCATALOG_COMPILER_APPICON_NAME = AppIcon;
				CODE_SIGN_STYLE = Automatic;
				DEVELOPMENT_TEAM = EAZT2D654U;
				INFOPLIST_FILE = EngineerSocialApp/Info.plist;
				LD_RUNPATH_SEARCH_PATHS = "$(inherited) @executable_path/Frameworks";
				PRODUCT_BUNDLE_IDENTIFIER = com.yyokii.EngineerSocialApp;
				PRODUCT_NAME = "$(TARGET_NAME)";
				SWIFT_VERSION = 4.0;
				TARGETED_DEVICE_FAMILY = "1,2";
			};
			name = Release;
		};
		B6F25D0A1FEEA002007A4A6A /* Debug */ = {
			isa = XCBuildConfiguration;
			baseConfigurationReference = CA38BEFBAFB7DC0D41CD40A1 /* Pods-EngineerSocialAppTests.debug.xcconfig */;
			buildSettings = {
				ALWAYS_EMBED_SWIFT_STANDARD_LIBRARIES = YES;
				BUNDLE_LOADER = "$(TEST_HOST)";
				CODE_SIGN_STYLE = Automatic;
				DEVELOPMENT_TEAM = EAZT2D654U;
				INFOPLIST_FILE = EngineerSocialAppTests/Info.plist;
				LD_RUNPATH_SEARCH_PATHS = "$(inherited) @executable_path/Frameworks @loader_path/Frameworks";
				PRODUCT_BUNDLE_IDENTIFIER = com.yyokii.EngineerSocialAppTests;
				PRODUCT_NAME = "$(TARGET_NAME)";
				SWIFT_VERSION = 4.0;
				TARGETED_DEVICE_FAMILY = "1,2";
				TEST_HOST = "$(BUILT_PRODUCTS_DIR)/EngineerSocialApp.app/EngineerSocialApp";
			};
			name = Debug;
		};
		B6F25D0B1FEEA002007A4A6A /* Release */ = {
			isa = XCBuildConfiguration;
			baseConfigurationReference = 4ADAB314A33B888630804324 /* Pods-EngineerSocialAppTests.release.xcconfig */;
			buildSettings = {
				ALWAYS_EMBED_SWIFT_STANDARD_LIBRARIES = YES;
				BUNDLE_LOADER = "$(TEST_HOST)";
				CODE_SIGN_STYLE = Automatic;
				DEVELOPMENT_TEAM = EAZT2D654U;
				INFOPLIST_FILE = EngineerSocialAppTests/Info.plist;
				LD_RUNPATH_SEARCH_PATHS = "$(inherited) @executable_path/Frameworks @loader_path/Frameworks";
				PRODUCT_BUNDLE_IDENTIFIER = com.yyokii.EngineerSocialAppTests;
				PRODUCT_NAME = "$(TARGET_NAME)";
				SWIFT_VERSION = 4.0;
				TARGETED_DEVICE_FAMILY = "1,2";
				TEST_HOST = "$(BUILT_PRODUCTS_DIR)/EngineerSocialApp.app/EngineerSocialApp";
			};
			name = Release;
		};
		B6F25D0D1FEEA002007A4A6A /* Debug */ = {
			isa = XCBuildConfiguration;
			baseConfigurationReference = 806F4AC2AEC3242F8DA56A00 /* Pods-EngineerSocialAppUITests.debug.xcconfig */;
			buildSettings = {
				ALWAYS_EMBED_SWIFT_STANDARD_LIBRARIES = YES;
				CODE_SIGN_STYLE = Automatic;
				DEVELOPMENT_TEAM = EAZT2D654U;
				INFOPLIST_FILE = EngineerSocialAppUITests/Info.plist;
				LD_RUNPATH_SEARCH_PATHS = "$(inherited) @executable_path/Frameworks @loader_path/Frameworks";
				PRODUCT_BUNDLE_IDENTIFIER = com.yyokii.EngineerSocialAppUITests;
				PRODUCT_NAME = "$(TARGET_NAME)";
				SWIFT_VERSION = 4.0;
				TARGETED_DEVICE_FAMILY = "1,2";
				TEST_TARGET_NAME = EngineerSocialApp;
			};
			name = Debug;
		};
		B6F25D0E1FEEA002007A4A6A /* Release */ = {
			isa = XCBuildConfiguration;
			baseConfigurationReference = 43CEBD585CB0D4B325BEA2FD /* Pods-EngineerSocialAppUITests.release.xcconfig */;
			buildSettings = {
				ALWAYS_EMBED_SWIFT_STANDARD_LIBRARIES = YES;
				CODE_SIGN_STYLE = Automatic;
				DEVELOPMENT_TEAM = EAZT2D654U;
				INFOPLIST_FILE = EngineerSocialAppUITests/Info.plist;
				LD_RUNPATH_SEARCH_PATHS = "$(inherited) @executable_path/Frameworks @loader_path/Frameworks";
				PRODUCT_BUNDLE_IDENTIFIER = com.yyokii.EngineerSocialAppUITests;
				PRODUCT_NAME = "$(TARGET_NAME)";
				SWIFT_VERSION = 4.0;
				TARGETED_DEVICE_FAMILY = "1,2";
				TEST_TARGET_NAME = EngineerSocialApp;
			};
			name = Release;
		};
/* End XCBuildConfiguration section */

/* Begin XCConfigurationList section */
		B6F25CD91FEEA001007A4A6A /* Build configuration list for PBXProject "EngineerSocialApp" */ = {
			isa = XCConfigurationList;
			buildConfigurations = (
				B6F25D041FEEA002007A4A6A /* Debug */,
				B6F25D051FEEA002007A4A6A /* Release */,
			);
			defaultConfigurationIsVisible = 0;
			defaultConfigurationName = Release;
		};
		B6F25D061FEEA002007A4A6A /* Build configuration list for PBXNativeTarget "EngineerSocialApp" */ = {
			isa = XCConfigurationList;
			buildConfigurations = (
				B6F25D071FEEA002007A4A6A /* Debug */,
				B6F25D081FEEA002007A4A6A /* Release */,
			);
			defaultConfigurationIsVisible = 0;
			defaultConfigurationName = Release;
		};
		B6F25D091FEEA002007A4A6A /* Build configuration list for PBXNativeTarget "EngineerSocialAppTests" */ = {
			isa = XCConfigurationList;
			buildConfigurations = (
				B6F25D0A1FEEA002007A4A6A /* Debug */,
				B6F25D0B1FEEA002007A4A6A /* Release */,
			);
			defaultConfigurationIsVisible = 0;
			defaultConfigurationName = Release;
		};
		B6F25D0C1FEEA002007A4A6A /* Build configuration list for PBXNativeTarget "EngineerSocialAppUITests" */ = {
			isa = XCConfigurationList;
			buildConfigurations = (
				B6F25D0D1FEEA002007A4A6A /* Debug */,
				B6F25D0E1FEEA002007A4A6A /* Release */,
			);
			defaultConfigurationIsVisible = 0;
			defaultConfigurationName = Release;
		};
/* End XCConfigurationList section */
	};
	rootObject = B6F25CD61FEEA001007A4A6A /* Project object */;
}
